
Microsoft Visual Studio Solution File, Format Version 12.00
# Visual Studio 14
VisualStudioVersion = 14.0.25420.1
MinimumVisualStudioVersion = 10.0.40219.1
Project("{FAE04EC0-301F-11D3-BF4B-00C04F79EFBC}") = "ProjectA.UI", "ProjectA.UI\ProjectA.UI.csproj", "{F31D251F-43B0-48B1-8FE7-C691A6BB5F68}"
EndProject
Project("{FAE04EC0-301F-11D3-BF4B-00C04F79EFBC}") = "ProjectA.DB", "ProjectA.DB\ProjectA.DB.csproj", "{64B8F456-A13C-48C2-96DE-81D260BF9B45}"
EndProject
Project("{FAE04EC0-301F-11D3-BF4B-00C04F79EFBC}") = "ProjectA.Domain", "ProjectA.Domain\ProjectA.Domain.csproj", "{57B082B5-B3D4-46D0-B231-459A6E491C50}"
EndProject
Project("{FAE04EC0-301F-11D3-BF4B-00C04F79EFBC}") = "ProjectA.Service", "ProjectA.Service\ProjectA.Service.csproj", "{F5CE9E68-F22B-4B37-ACC0-E6CC99C9D420}"
EndProject
Project("{FAE04EC0-301F-11D3-BF4B-00C04F79EFBC}") = "ProjectA.ProjectDAL", "ProjectA.ProjectDAL\ProjectA.ProjectDAL.csproj", "{A877C648-9490-47C4-A681-D57B3C109E66}"
EndProject
Global
	GlobalSection(SolutionConfigurationPlatforms) = preSolution
		Debug|Any CPU = Debug|Any CPU
		Release|Any CPU = Release|Any CPU
	EndGlobalSection
	GlobalSection(ProjectConfigurationPlatforms) = postSolution
		{F31D251F-43B0-48B1-8FE7-C691A6BB5F68}.Debug|Any CPU.ActiveCfg = Debug|Any CPU
		{F31D251F-43B0-48B1-8FE7-C691A6BB5F68}.Debug|Any CPU.Build.0 = Debug|Any CPU
		{F31D251F-43B0-48B1-8FE7-C691A6BB5F68}.Release|Any CPU.ActiveCfg = Release|Any CPU
		{F31D251F-43B0-48B1-8FE7-C691A6BB5F68}.Release|Any CPU.Build.0 = Release|Any CPU
		{64B8F456-A13C-48C2-96DE-81D260BF9B45}.Debug|Any CPU.ActiveCfg = Debug|Any CPU
		{64B8F456-A13C-48C2-96DE-81D260BF9B45}.Debug|Any CPU.Build.0 = Debug|Any CPU
		{64B8F456-A13C-48C2-96DE-81D260BF9B45}.Release|Any CPU.ActiveCfg = Release|Any CPU
		{64B8F456-A13C-48C2-96DE-81D260BF9B45}.Release|Any CPU.Build.0 = Release|Any CPU
		{57B082B5-B3D4-46D0-B231-459A6E491C50}.Debug|Any CPU.ActiveCfg = Debug|Any CPU
		{57B082B5-B3D4-46D0-B231-459A6E491C50}.Debug|Any CPU.Build.0 = Debug|Any CPU
		{57B082B5-B3D4-46D0-B231-459A6E491C50}.Release|Any CPU.ActiveCfg = Release|Any CPU
		{57B082B5-B3D4-46D0-B231-459A6E491C50}.Release|Any CPU.Build.0 = Release|Any CPU
		{F5CE9E68-F22B-4B37-ACC0-E6CC99C9D420}.Debug|Any CPU.ActiveCfg = Debug|Any CPU
		{F5CE9E68-F22B-4B37-ACC0-E6CC99C9D420}.Debug|Any CPU.Build.0 = Debug|Any CPU
		{F5CE9E68-F22B-4B37-ACC0-E6CC99C9D420}.Release|Any CPU.ActiveCfg = Release|Any CPU
		{F5CE9E68-F22B-4B37-ACC0-E6CC99C9D420}.Release|Any CPU.Build.0 = Release|Any CPU
		{A877C648-9490-47C4-A681-D57B3C109E66}.Debug|Any CPU.ActiveCfg = Debug|Any CPU
		{A877C648-9490-47C4-A681-D57B3C109E66}.Debug|Any CPU.Build.0 = Debug|Any CPU
		{A877C648-9490-47C4-A681-D57B3C109E66}.Release|Any CPU.ActiveCfg = Release|Any CPU
		{A877C648-9490-47C4-A681-D57B3C109E66}.Release|Any CPU.Build.0 = Release|Any CPU
	EndGlobalSection
	GlobalSection(SolutionProperties) = preSolution
		HideSolutionNode = FALSE
	EndGlobalSection
EndGlobal
